{
  "name": "Code-Together-master",
  "lockfileVersion": 3,
  "requires": true,
  "packages": {
    "": {
      "dependencies": {
        "peerjs": "^1.3.2"
      }
    },
    "node_modules/@types/node": {
      "version": "10.17.60",
      "license": "MIT"
    },
    "node_modules/eventemitter3": {
      "version": "3.1.2",
      "license": "MIT"
    },
    "node_modules/peerjs": {
      "version": "1.3.2",
      "license": "MIT",
      "dependencies": {
        "@types/node": "^10.14.33",
        "eventemitter3": "^3.1.2",
        "peerjs-js-binarypack": "1.0.1",
        "webrtc-adapter": "^7.7.1"
      }
    },
    "node_modules/peerjs-js-binarypack": {
      "version": "1.0.1",
      "license": "BSD"
    },
    "node_modules/rtcpeerconnection-shim": {
      "version": "1.2.15",
      "license": "BSD-3-Clause",
      "dependencies": {
        "sdp": "^2.6.0"
      },
      "engines": {
        "node": ">=6.0.0",
        "npm": ">=3.10.0"
      }
    },
    "node_modules/sdp": {
      "version": "2.12.0",
      "license": "MIT"
    },
    "node_modules/webrtc-adapter": {
      "version": "7.7.1",
      "license": "BSD-3-Clause",
      "dependencies": {
        "rtcpeerconnection-shim": "^1.2.15",
        "sdp": "^2.12.0"
      },
      "engines": {
        "node": ">=6.0.0",
        "npm": ">=3.10.0"
      }
    }
  }
}
